
Microsoft Visual Studio Solution File, Format Version 12.00
# Visual Studio 15
VisualStudioVersion = 15.0.27130.2010
MinimumVisualStudioVersion = 10.0.40219.1
Project("{FAE04EC0-301F-11D3-BF4B-00C04F79EFBC}") = "webRenap", "webRenap\webRenap.csproj", "{5FD3A55B-5016-4DFC-9067-7387921CE266}"
EndProject
Global
	GlobalSection(SolutionConfigurationPlatforms) = preSolution
		Debug|Any CPU = Debug|Any CPU
		Release|Any CPU = Release|Any CPU
	EndGlobalSection
	GlobalSection(ProjectConfigurationPlatforms) = postSolution
		{5FD3A55B-5016-4DFC-9067-7387921CE266}.Debug|Any CPU.ActiveCfg = Debug|Any CPU
		{5FD3A55B-5016-4DFC-9067-7387921CE266}.Debug|Any CPU.Build.0 = Debug|Any CPU
		{5FD3A55B-5016-4DFC-9067-7387921CE266}.Release|Any CPU.ActiveCfg = Release|Any CPU
		{5FD3A55B-5016-4DFC-9067-7387921CE266}.Release|Any CPU.Build.0 = Release|Any CPU
	EndGlobalSection
	GlobalSection(SolutionProperties) = preSolution
		HideSolutionNode = FALSE
	EndGlobalSection
	GlobalSection(ExtensibilityGlobals) = postSolution
		SolutionGuid = {871B3AC7-DC58-4A83-9729-98C846991CE3}
	EndGlobalSection
EndGlobal
